
Microsoft Visual Studio Solution File, Format Version 12.00
# Visual Studio Version 17
VisualStudioVersion = 17.0.32014.148
MinimumVisualStudioVersion = 10.0.40219.1
Project("{2150E333-8FDC-42A3-9474-1A3956D46DE8}") = "Solution Items", "Solution Items", "{B0C6F671-126E-4A0E-B3AE-42D5CCC1164E}"
	ProjectSection(SolutionItems) = preProject
		.editorconfig = .editorconfig
		.gitignore = .gitignore
		Directory.Build.props = Directory.Build.props
		Directory.Build.targets = Directory.Build.targets
		LICENSE = LICENSE
		README.md = README.md
	EndProjectSection
EndProject
Project("{9A19103F-16F7-4668-BE54-9A1E7A4F7556}") = "Autossential.Activities", "source\Autossential.Activities\Autossential.Activities.csproj", "{EA5F0D6E-3368-4DA0-A316-8E2C88999C8A}"
EndProject
Project("{9A19103F-16F7-4668-BE54-9A1E7A4F7556}") = "Autossential.Activities.Design", "source\Autossential.Activities.Design\Autossential.Activities.Design.csproj", "{2A4A9BE3-AC76-48BF-B892-FE30FF50F186}"
EndProject
Project("{9A19103F-16F7-4668-BE54-9A1E7A4F7556}") = "Autossential.Core", "source\Autossential.Core\Autossential.Core.csproj", "{B43BD4CA-8979-43EB-98CE-6A9B4952422E}"
EndProject
Project("{9A19103F-16F7-4668-BE54-9A1E7A4F7556}") = "Autossential.Tests", "source\Autossential.Tests\Autossential.Tests.csproj", "{32EBC4E5-54F2-46AF-A0E7-8875B9747E40}"
EndProject
Project("{2150E333-8FDC-42A3-9474-1A3956D46DE8}") = "Shared", "Shared", "{FF0BAE7C-43FE-4664-8CE2-34253D8882FD}"
EndProject
Project("{D954291E-2A0B-460D-934E-DC6B0785DB48}") = "Autossential.Shared", "shared\Autossential.Shared\Autossential.Shared.shproj", "{4A817DBB-0C00-4285-A3DB-5A0612A2778A}"
EndProject
Project("{D954291E-2A0B-460D-934E-DC6B0785DB48}") = "Autossential.Shared.Activities", "shared\Autossential.Shared.Activities\Autossential.Shared.Activities.shproj", "{56225E2D-84A1-41C6-9D04-C73FB6B11783}"
EndProject
Project("{D954291E-2A0B-460D-934E-DC6B0785DB48}") = "Autossential.Shared.Activities.Design", "shared\Autossential.Shared.Activities.Design\Autossential.Shared.Activities.Design.shproj", "{036C99D1-87B1-46D1-AED3-4E5E6ECDBAEA}"
EndProject
Project("{D954291E-2A0B-460D-934E-DC6B0785DB48}") = "Autossential.Shared.Tests", "shared\Autossential.Shared.Tests\Autossential.Shared.Tests.shproj", "{013C5DEC-D237-413A-98D2-861FA32D38BB}"
EndProject
Global
	GlobalSection(SolutionConfigurationPlatforms) = preSolution
		Debug|Any CPU = Debug|Any CPU
		Release|Any CPU = Release|Any CPU
	EndGlobalSection
	GlobalSection(ProjectConfigurationPlatforms) = postSolution
		{EA5F0D6E-3368-4DA0-A316-8E2C88999C8A}.Debug|Any CPU.ActiveCfg = Debug|Any CPU
		{EA5F0D6E-3368-4DA0-A316-8E2C88999C8A}.Debug|Any CPU.Build.0 = Debug|Any CPU
		{EA5F0D6E-3368-4DA0-A316-8E2C88999C8A}.Release|Any CPU.ActiveCfg = Release|Any CPU
		{EA5F0D6E-3368-4DA0-A316-8E2C88999C8A}.Release|Any CPU.Build.0 = Release|Any CPU
		{2A4A9BE3-AC76-48BF-B892-FE30FF50F186}.Debug|Any CPU.ActiveCfg = Debug|Any CPU
		{2A4A9BE3-AC76-48BF-B892-FE30FF50F186}.Debug|Any CPU.Build.0 = Debug|Any CPU
		{2A4A9BE3-AC76-48BF-B892-FE30FF50F186}.Release|Any CPU.ActiveCfg = Release|Any CPU
		{2A4A9BE3-AC76-48BF-B892-FE30FF50F186}.Release|Any CPU.Build.0 = Release|Any CPU
		{B43BD4CA-8979-43EB-98CE-6A9B4952422E}.Debug|Any CPU.ActiveCfg = Debug|Any CPU
		{B43BD4CA-8979-43EB-98CE-6A9B4952422E}.Debug|Any CPU.Build.0 = Debug|Any CPU
		{B43BD4CA-8979-43EB-98CE-6A9B4952422E}.Release|Any CPU.ActiveCfg = Release|Any CPU
		{B43BD4CA-8979-43EB-98CE-6A9B4952422E}.Release|Any CPU.Build.0 = Release|Any CPU
		{32EBC4E5-54F2-46AF-A0E7-8875B9747E40}.Debug|Any CPU.ActiveCfg = Debug|Any CPU
		{32EBC4E5-54F2-46AF-A0E7-8875B9747E40}.Debug|Any CPU.Build.0 = Debug|Any CPU
		{32EBC4E5-54F2-46AF-A0E7-8875B9747E40}.Release|Any CPU.ActiveCfg = Release|Any CPU
		{32EBC4E5-54F2-46AF-A0E7-8875B9747E40}.Release|Any CPU.Build.0 = Release|Any CPU
	EndGlobalSection
	GlobalSection(SolutionProperties) = preSolution
		HideSolutionNode = FALSE
	EndGlobalSection
	GlobalSection(NestedProjects) = preSolution
		{4A817DBB-0C00-4285-A3DB-5A0612A2778A} = {FF0BAE7C-43FE-4664-8CE2-34253D8882FD}
		{56225E2D-84A1-41C6-9D04-C73FB6B11783} = {FF0BAE7C-43FE-4664-8CE2-34253D8882FD}
		{036C99D1-87B1-46D1-AED3-4E5E6ECDBAEA} = {FF0BAE7C-43FE-4664-8CE2-34253D8882FD}
		{013C5DEC-D237-413A-98D2-861FA32D38BB} = {FF0BAE7C-43FE-4664-8CE2-34253D8882FD}
	EndGlobalSection
	GlobalSection(ExtensibilityGlobals) = postSolution
		SolutionGuid = {9C498F78-9627-47C2-AB42-A17305711AC3}
	EndGlobalSection
	GlobalSection(SharedMSBuildProjectFiles) = preSolution
		shared\Autossential.Shared.Tests\Autossential.Shared.Tests.projitems*{013c5dec-d237-413a-98d2-861fa32d38bb}*SharedItemsImports = 13
		shared\Autossential.Shared.Activities.Design\Autossential.Shared.Activities.Design.projitems*{036c99d1-87b1-46d1-aed3-4e5e6ecdbaea}*SharedItemsImports = 13
		shared\Autossential.Shared.Activities.Design\Autossential.Shared.Activities.Design.projitems*{2a4a9be3-ac76-48bf-b892-fe30ff50f186}*SharedItemsImports = 5
		shared\Autossential.Shared.Tests\Autossential.Shared.Tests.projitems*{32ebc4e5-54f2-46af-a0e7-8875b9747e40}*SharedItemsImports = 5
		shared\Autossential.Shared\Autossential.Shared.projitems*{4a817dbb-0c00-4285-a3db-5a0612a2778a}*SharedItemsImports = 13
		shared\Autossential.Shared.Activities\Autossential.Shared.Activities.projitems*{56225e2d-84a1-41c6-9d04-c73fb6b11783}*SharedItemsImports = 13
		shared\Autossential.Shared.Activities\Autossential.Shared.Activities.projitems*{ea5f0d6e-3368-4da0-a316-8e2c88999c8a}*SharedItemsImports = 5
		shared\Autossential.Shared\Autossential.Shared.projitems*{ea5f0d6e-3368-4da0-a316-8e2c88999c8a}*SharedItemsImports = 5
	EndGlobalSection
EndGlobal
